PODS:
  - StringExtensionHTML (0.2.0)

DEPENDENCIES:
  - StringExtensionHTML (from `../`)

EXTERNAL SOURCES:
  StringExtensionHTML:
    :path: ../

SPEC CHECKSUMS:
  StringExtensionHTML: f8e006d443c626300f4e1201b9d048f42700e07a

PODFILE CHECKSUM: b5b370fd3333edb8d39bc145989dbfcf8773ae09

COCOAPODS: 1.1.1
